
Microsoft Visual Studio Solution File, Format Version 12.00
# Visual Studio 2013
VisualStudioVersion = 12.0.31101.0
MinimumVisualStudioVersion = 10.0.40219.1
Project("{FAE04EC0-301F-11D3-BF4B-00C04F79EFBC}") = "GameEditor", "GameEditor\GameEditor.csproj", "{252B16D0-A7CB-4BA8-A997-AFD089F58D71}"
EndProject
Project("{FAE04EC0-301F-11D3-BF4B-00C04F79EFBC}") = "Treasure", "Treasure\Treasure.csproj", "{F4FA6092-05BC-4CD4-BF11-69A57D65BF81}"
EndProject
Global
	GlobalSection(SolutionConfigurationPlatforms) = preSolution
		Debug|Any CPU = Debug|Any CPU
		Release|Any CPU = Release|Any CPU
	EndGlobalSection
	GlobalSection(ProjectConfigurationPlatforms) = postSolution
		{252B16D0-A7CB-4BA8-A997-AFD089F58D71}.Debug|Any CPU.ActiveCfg = Debug|Any CPU
		{252B16D0-A7CB-4BA8-A997-AFD089F58D71}.Debug|Any CPU.Build.0 = Debug|Any CPU
		{252B16D0-A7CB-4BA8-A997-AFD089F58D71}.Release|Any CPU.ActiveCfg = Release|Any CPU
		{252B16D0-A7CB-4BA8-A997-AFD089F58D71}.Release|Any CPU.Build.0 = Release|Any CPU
		{F4FA6092-05BC-4CD4-BF11-69A57D65BF81}.Debug|Any CPU.ActiveCfg = Debug|Any CPU
		{F4FA6092-05BC-4CD4-BF11-69A57D65BF81}.Debug|Any CPU.Build.0 = Debug|Any CPU
		{F4FA6092-05BC-4CD4-BF11-69A57D65BF81}.Release|Any CPU.ActiveCfg = Release|Any CPU
		{F4FA6092-05BC-4CD4-BF11-69A57D65BF81}.Release|Any CPU.Build.0 = Release|Any CPU
	EndGlobalSection
	GlobalSection(SolutionProperties) = preSolution
		HideSolutionNode = FALSE
	EndGlobalSection
EndGlobal
